{
    "_readme": [
        "This file locks the dependencies of your project to a known state",
        "Read more about it at https://getcomposer.org/doc/01-basic-usage.md#installing-dependencies",
        "This file is @generated automatically"
    ],
    "content-hash": "b973e49b1c715fb3e00f897fd04439fa",
    "packages": [
        {
            "name": "medz/cors",
            "version": "v1.5.0",
            "source": {
                "type": "git",
                "url": "https://github.com/medz/cors.git",
                "reference": "b1b7956645028103b1a7ca607551494360798557"
            },
            "dist": {
                "type": "zip",
                "url": "https://api.github.com/repos/medz/cors/zipball/b1b7956645028103b1a7ca607551494360798557",
                "reference": "b1b7956645028103b1a7ca607551494360798557",
                "shasum": ""
            },
            "require": {
                "php": ">=7.0"
            },
            "require-dev": {
                "php": ">=7.3",
                "phpunit/phpunit": "^9.1"
            },
            "type": "library",
            "extra": {
                "branch-alias": {
                    "dev-master": "1.3-dev"
                },
                "laravel": {
                    "providers": [
                        "Medz\\Cors\\Laravel\\Providers\\LaravelServiceProvider"
                    ]
                }
            },
            "autoload": {
                "files": [
                    "src/ThinkPHP/injection.php"
                ],
                "psr-4": {
                    "Medz\\Cors\\": "src/"
                }
            },
            "notification-url": "https://packagist.org/downloads/",
            "license": [
                "MIT"
            ],
            "authors": [
                {
                    "name": "Seven Du",
                    "email": "shiweidu@outlook.com"
                }
            ],
            "description": "PHP CORS (Cross-origin resource sharing) middleware.",
            "keywords": [
                "cors",
                "cors-request",
                "crossdomain",
                "laravel",
                "laravel5",
                "middleware",
                "php",
                "php-cors",
                "psr-15",
                "psr-7",
                "request",
                "response",
                "slim",
                "symfony",
                "thinkphp",
                "yii2"
            ],
            "support": {
                "issues": "https://github.com/medz/cors/issues",
                "source": "https://github.com/medz/cors/tree/v1.5.0"
            },
            "funding": [
                {
                    "url": "https://github.com/medz",
                    "type": "github"
                }
            ],
            "abandoned": true,
            "time": "2020-04-15T15:09:45+00:00"
        }
    ],
    "packages-dev": [],
    "aliases": [],
    "minimum-stability": "stable",
    "stability-flags": [],
    "prefer-stable": false,
    "prefer-lowest": false,
    "platform": [],
    "platform-dev": [],
    "plugin-api-version": "2.3.0"
}
